
Microsoft Visual Studio Solution File, Format Version 12.00
# Visual Studio Version 17
VisualStudioVersion = 17.0.31903.59
MinimumVisualStudioVersion = 10.0.40219.1
Project("{9A19103F-16F7-4668-BE54-9A1E7A4F7556}") = "DynamicJson", "DynamicJson\DynamicJson.csproj", "{2A9B5D5E-B76E-41DE-A75F-522CBC5E1948}"
EndProject
Project("{FAE04EC0-301F-11D3-BF4B-00C04F79EFBC}") = "DynamicJson.Tests", "DynamicJson.Tests\DynamicJson.Tests.csproj", "{742280B1-868E-4CBD-99AD-9391D7600D8F}"
EndProject
Global
	GlobalSection(SolutionConfigurationPlatforms) = preSolution
		Debug|Any CPU = Debug|Any CPU
		Release|Any CPU = Release|Any CPU
	EndGlobalSection
	GlobalSection(ProjectConfigurationPlatforms) = postSolution
		{2A9B5D5E-B76E-41DE-A75F-522CBC5E1948}.Debug|Any CPU.ActiveCfg = Debug|Any CPU
		{2A9B5D5E-B76E-41DE-A75F-522CBC5E1948}.Debug|Any CPU.Build.0 = Debug|Any CPU
		{2A9B5D5E-B76E-41DE-A75F-522CBC5E1948}.Release|Any CPU.ActiveCfg = Release|Any CPU
		{2A9B5D5E-B76E-41DE-A75F-522CBC5E1948}.Release|Any CPU.Build.0 = Release|Any CPU
		{742280B1-868E-4CBD-99AD-9391D7600D8F}.Debug|Any CPU.ActiveCfg = Debug|Any CPU
		{742280B1-868E-4CBD-99AD-9391D7600D8F}.Debug|Any CPU.Build.0 = Debug|Any CPU
		{742280B1-868E-4CBD-99AD-9391D7600D8F}.Release|Any CPU.ActiveCfg = Release|Any CPU
		{742280B1-868E-4CBD-99AD-9391D7600D8F}.Release|Any CPU.Build.0 = Release|Any CPU
	EndGlobalSection
	GlobalSection(SolutionProperties) = preSolution
		HideSolutionNode = FALSE
	EndGlobalSection
	GlobalSection(ExtensibilityGlobals) = postSolution
		SolutionGuid = {116C257E-56B0-40BB-812F-7AD713ADC677}
	EndGlobalSection
EndGlobal
